
Microsoft Visual Studio Solution File, Format Version 12.00
# Visual Studio 15
Project("{FAE04EC0-301F-11D3-BF4B-00C04F79EFBC}") = "Assembly-CSharp", "Assembly-CSharp.csproj", "{CE6AF8E3-45C9-D8C1-196A-3A926D8F7245}"
EndProject
Global
	GlobalSection(SolutionConfigurationPlatforms) = preSolution
		Debug|Any CPU = Debug|Any CPU
		Release|Any CPU = Release|Any CPU
	EndGlobalSection
	GlobalSection(ProjectConfigurationPlatforms) = postSolution
		{CE6AF8E3-45C9-D8C1-196A-3A926D8F7245}.Debug|Any CPU.ActiveCfg = Debug|Any CPU
		{CE6AF8E3-45C9-D8C1-196A-3A926D8F7245}.Debug|Any CPU.Build.0 = Debug|Any CPU
		{CE6AF8E3-45C9-D8C1-196A-3A926D8F7245}.Release|Any CPU.ActiveCfg = Release|Any CPU
		{CE6AF8E3-45C9-D8C1-196A-3A926D8F7245}.Release|Any CPU.Build.0 = Release|Any CPU
	EndGlobalSection
	GlobalSection(SolutionProperties) = preSolution
		HideSolutionNode = FALSE
	EndGlobalSection
EndGlobal
